
Microsoft Visual Studio Solution File, Format Version 12.00
# Visual Studio 15
VisualStudioVersion = 15.0.28010.2036
MinimumVisualStudioVersion = 10.0.40219.1
Project("{9A19103F-16F7-4668-BE54-9A1E7A4F7556}") = "P01_Box", "P01_Box\P01_Box.csproj", "{A49BEAEB-58D2-4AF0-9182-65C4875D2210}"
EndProject
Project("{9A19103F-16F7-4668-BE54-9A1E7A4F7556}") = "P02_BoxValidation", "P02_BoxValidation\P02_BoxValidation.csproj", "{91AF6C44-F1B7-4C9F-8097-F103A9C7EA3D}"
EndProject
Project("{9A19103F-16F7-4668-BE54-9A1E7A4F7556}") = "P03_AnimalFarm", "P03_AnimalFarm\P03_AnimalFarm.csproj", "{CFD419B9-FECF-49B9-B737-32FA78344893}"
EndProject
Project("{9A19103F-16F7-4668-BE54-9A1E7A4F7556}") = "P04_ShoppingSpree", "P04_ShoppingSpree\P04_ShoppingSpree.csproj", "{0E2B3276-207C-4657-9922-8F3E8029ADF4}"
EndProject
Project("{FAE04EC0-301F-11D3-BF4B-00C04F79EFBC}") = "P05_PizzaCalories", "P05_PizzaCalories\P05_PizzaCalories.csproj", "{15C5DE52-D8C8-4BEA-B5B5-57C00892166E}"
EndProject
Global
	GlobalSection(SolutionConfigurationPlatforms) = preSolution
		Debug|Any CPU = Debug|Any CPU
		Release|Any CPU = Release|Any CPU
	EndGlobalSection
	GlobalSection(ProjectConfigurationPlatforms) = postSolution
		{A49BEAEB-58D2-4AF0-9182-65C4875D2210}.Debug|Any CPU.ActiveCfg = Debug|Any CPU
		{A49BEAEB-58D2-4AF0-9182-65C4875D2210}.Debug|Any CPU.Build.0 = Debug|Any CPU
		{A49BEAEB-58D2-4AF0-9182-65C4875D2210}.Release|Any CPU.ActiveCfg = Release|Any CPU
		{A49BEAEB-58D2-4AF0-9182-65C4875D2210}.Release|Any CPU.Build.0 = Release|Any CPU
		{91AF6C44-F1B7-4C9F-8097-F103A9C7EA3D}.Debug|Any CPU.ActiveCfg = Debug|Any CPU
		{91AF6C44-F1B7-4C9F-8097-F103A9C7EA3D}.Debug|Any CPU.Build.0 = Debug|Any CPU
		{91AF6C44-F1B7-4C9F-8097-F103A9C7EA3D}.Release|Any CPU.ActiveCfg = Release|Any CPU
		{91AF6C44-F1B7-4C9F-8097-F103A9C7EA3D}.Release|Any CPU.Build.0 = Release|Any CPU
		{CFD419B9-FECF-49B9-B737-32FA78344893}.Debug|Any CPU.ActiveCfg = Debug|Any CPU
		{CFD419B9-FECF-49B9-B737-32FA78344893}.Debug|Any CPU.Build.0 = Debug|Any CPU
		{CFD419B9-FECF-49B9-B737-32FA78344893}.Release|Any CPU.ActiveCfg = Release|Any CPU
		{CFD419B9-FECF-49B9-B737-32FA78344893}.Release|Any CPU.Build.0 = Release|Any CPU
		{0E2B3276-207C-4657-9922-8F3E8029ADF4}.Debug|Any CPU.ActiveCfg = Debug|Any CPU
		{0E2B3276-207C-4657-9922-8F3E8029ADF4}.Debug|Any CPU.Build.0 = Debug|Any CPU
		{0E2B3276-207C-4657-9922-8F3E8029ADF4}.Release|Any CPU.ActiveCfg = Release|Any CPU
		{0E2B3276-207C-4657-9922-8F3E8029ADF4}.Release|Any CPU.Build.0 = Release|Any CPU
		{15C5DE52-D8C8-4BEA-B5B5-57C00892166E}.Debug|Any CPU.ActiveCfg = Debug|Any CPU
		{15C5DE52-D8C8-4BEA-B5B5-57C00892166E}.Debug|Any CPU.Build.0 = Debug|Any CPU
		{15C5DE52-D8C8-4BEA-B5B5-57C00892166E}.Release|Any CPU.ActiveCfg = Release|Any CPU
		{15C5DE52-D8C8-4BEA-B5B5-57C00892166E}.Release|Any CPU.Build.0 = Release|Any CPU
	EndGlobalSection
	GlobalSection(SolutionProperties) = preSolution
		HideSolutionNode = FALSE
	EndGlobalSection
	GlobalSection(ExtensibilityGlobals) = postSolution
		SolutionGuid = {1A0E6F97-A1BB-49DE-AF42-DF025CC6904F}
	EndGlobalSection
EndGlobal
