
Microsoft Visual Studio Solution File, Format Version 12.00
# Visual Studio 15
VisualStudioVersion = 15.0.28010.2036
MinimumVisualStudioVersion = 10.0.40219.1
Project("{9A19103F-16F7-4668-BE54-9A1E7A4F7556}") = "P01_Vehicles", "P01_Vehicles\P01_Vehicles.csproj", "{6E58635F-E3FD-4490-A544-A0C9DC96FA5B}"
EndProject
Project("{9A19103F-16F7-4668-BE54-9A1E7A4F7556}") = "P03_WildFarm", "P03_Wild Farm\P03_WildFarm.csproj", "{DA12C24A-C881-45C9-9C86-03BD1B536718}"
EndProject
Global
	GlobalSection(SolutionConfigurationPlatforms) = preSolution
		Debug|Any CPU = Debug|Any CPU
		Release|Any CPU = Release|Any CPU
	EndGlobalSection
	GlobalSection(ProjectConfigurationPlatforms) = postSolution
		{6E58635F-E3FD-4490-A544-A0C9DC96FA5B}.Debug|Any CPU.ActiveCfg = Debug|Any CPU
		{6E58635F-E3FD-4490-A544-A0C9DC96FA5B}.Debug|Any CPU.Build.0 = Debug|Any CPU
		{6E58635F-E3FD-4490-A544-A0C9DC96FA5B}.Release|Any CPU.ActiveCfg = Release|Any CPU
		{6E58635F-E3FD-4490-A544-A0C9DC96FA5B}.Release|Any CPU.Build.0 = Release|Any CPU
		{DA12C24A-C881-45C9-9C86-03BD1B536718}.Debug|Any CPU.ActiveCfg = Debug|Any CPU
		{DA12C24A-C881-45C9-9C86-03BD1B536718}.Debug|Any CPU.Build.0 = Debug|Any CPU
		{DA12C24A-C881-45C9-9C86-03BD1B536718}.Release|Any CPU.ActiveCfg = Release|Any CPU
		{DA12C24A-C881-45C9-9C86-03BD1B536718}.Release|Any CPU.Build.0 = Release|Any CPU
	EndGlobalSection
	GlobalSection(SolutionProperties) = preSolution
		HideSolutionNode = FALSE
	EndGlobalSection
	GlobalSection(ExtensibilityGlobals) = postSolution
		SolutionGuid = {CE9C0A32-08E2-4C7A-845D-887F34913A6A}
	EndGlobalSection
EndGlobal
