
Microsoft Visual Studio Solution File, Format Version 12.00
# Visual Studio 15
VisualStudioVersion = 15.0.28010.2036
MinimumVisualStudioVersion = 10.0.40219.1
Project("{FAE04EC0-301F-11D3-BF4B-00C04F79EFBC}") = "TestIReadOnly", "TestIReadOnly\TestIReadOnly.csproj", "{9CCFF5BA-C2EB-4C5E-8B3D-F4F0FAF9727D}"
EndProject
Global
	GlobalSection(SolutionConfigurationPlatforms) = preSolution
		Debug|Any CPU = Debug|Any CPU
		Release|Any CPU = Release|Any CPU
	EndGlobalSection
	GlobalSection(ProjectConfigurationPlatforms) = postSolution
		{9CCFF5BA-C2EB-4C5E-8B3D-F4F0FAF9727D}.Debug|Any CPU.ActiveCfg = Debug|Any CPU
		{9CCFF5BA-C2EB-4C5E-8B3D-F4F0FAF9727D}.Debug|Any CPU.Build.0 = Debug|Any CPU
		{9CCFF5BA-C2EB-4C5E-8B3D-F4F0FAF9727D}.Release|Any CPU.ActiveCfg = Release|Any CPU
		{9CCFF5BA-C2EB-4C5E-8B3D-F4F0FAF9727D}.Release|Any CPU.Build.0 = Release|Any CPU
	EndGlobalSection
	GlobalSection(SolutionProperties) = preSolution
		HideSolutionNode = FALSE
	EndGlobalSection
	GlobalSection(ExtensibilityGlobals) = postSolution
		SolutionGuid = {112C223B-FE70-48DB-ABE8-FCD01C64C284}
	EndGlobalSection
EndGlobal
